{
  "name": "@types/react-mdl-extra",
  "version": "1.0.0",
  "lockfileVersion": 1,
  "dependencies": {
    "@types/react": {
      "version": "16.0.5",
      "resolved": "https://nexus3.acadiasoft.net/repository/npm-group/@types/react/-/react-16.0.5.tgz",
      "integrity": "sha512-Wo/JT6Cpl7XuLA1Ov2M2Rso4Tep7rX6h1csbqhNDaSxqeY8nxUbrDkT6vJrKVu+7tw7vmJP9libZSReV9GsG9A==",
      "dev": true
    },
    "@types/react-mdl": {
      "version": "1.7.22",
      "resolved": "https://nexus3.acadiasoft.net/repository/npm-group/@types/react-mdl/-/react-mdl-1.7.22.tgz",
      "integrity": "sha512-5DQ8ucxzbmX9gW2Jx42uQEAGCUbTQsjUU0UZ0ChXN3iwWuHqm0wKDv1EyiEB+cp77MjUPohU7XA+NmgdfHX+cw==",
      "dev": true
    },
    "asap": {
      "version": "2.0.6",
      "resolved": "https://nexus3.acadiasoft.net/repository/npm-group/asap/-/asap-2.0.6.tgz",
      "integrity": "sha1-5QNHYR1+aQlDIIu9r+vLwvuGbUY=",
      "dev": true
    },
    "clamp": {
      "version": "1.0.1",
      "resolved": "https://nexus3.acadiasoft.net/repository/npm-group/clamp/-/clamp-1.0.1.tgz",
      "integrity": "sha1-ZqDmQBGBbjcZaCj9yMjBRzEshjQ=",
      "dev": true
    },
    "classnames": {
      "version": "2.2.5",
      "resolved": "https://nexus3.acadiasoft.net/repository/npm-group/classnames/-/classnames-2.2.5.tgz",
      "integrity": "sha1-+zgB1FNGdknvNgPH1hoCvRKb3m0=",
      "dev": true
    },
    "core-js": {
      "version": "1.2.7",
      "resolved": "https://nexus3.acadiasoft.net/repository/npm-group/core-js/-/core-js-1.2.7.tgz",
      "integrity": "sha1-ZSKUwUZR2yj6k70tX/KYOk8IxjY=",
      "dev": true
    },
    "create-react-class": {
      "version": "15.6.0",
      "resolved": "https://nexus3.acadiasoft.net/repository/npm-group/create-react-class/-/create-react-class-15.6.0.tgz",
      "integrity": "sha1-q0SEl8JlZuHilBPogyB9V8/nvtQ=",
      "dev": true
    },
    "encoding": {
      "version": "0.1.12",
      "resolved": "https://nexus3.acadiasoft.net/repository/npm-group/encoding/-/encoding-0.1.12.tgz",
      "integrity": "sha1-U4tm8+5izRq1HsMjgp0flIDHS+s=",
      "dev": true
    },
    "fbjs": {
      "version": "0.8.15",
      "resolved": "https://nexus3.acadiasoft.net/repository/npm-group/fbjs/-/fbjs-0.8.15.tgz",
      "integrity": "sha1-TwaV/fzBbDfAsH+s7Iy0xAkWhbk=",
      "dev": true
    },
    "iconv-lite": {
      "version": "0.4.19",
      "resolved": "https://nexus3.acadiasoft.net/repository/npm-group/iconv-lite/-/iconv-lite-0.4.19.tgz",
      "integrity": "sha512-oTZqweIP51xaGPI4uPa56/Pri/480R+mo7SeU+YETByQNhDG55ycFyNLIgta9vXhILrxXDmF7ZGhqZIcuN0gJQ==",
      "dev": true
    },
    "is-stream": {
      "version": "1.1.0",
      "resolved": "https://nexus3.acadiasoft.net/repository/npm-group/is-stream/-/is-stream-1.1.0.tgz",
      "integrity": "sha1-EtSj3U5o4Lec6428hBc66A2RykQ=",
      "dev": true
    },
    "isomorphic-fetch": {
      "version": "2.2.1",
      "resolved": "https://nexus3.acadiasoft.net/repository/npm-group/isomorphic-fetch/-/isomorphic-fetch-2.2.1.tgz",
      "integrity": "sha1-YRrhrPFPXoH3KVB0coGf6XM1WKk=",
      "dev": true
    },
    "js-tokens": {
      "version": "3.0.2",
      "resolved": "https://nexus3.acadiasoft.net/repository/npm-group/js-tokens/-/js-tokens-3.0.2.tgz",
      "integrity": "sha1-mGbfOVECEw449/mWvOtlRDIJwls=",
      "dev": true
    },
    "lodash.isequal": {
      "version": "4.5.0",
      "resolved": "https://nexus3.acadiasoft.net/repository/npm-group/lodash.isequal/-/lodash.isequal-4.5.0.tgz",
      "integrity": "sha1-QVxEePK8wwEgwizhDtMib30+GOA=",
      "dev": true
    },
    "loose-envify": {
      "version": "1.3.1",
      "resolved": "https://nexus3.acadiasoft.net/repository/npm-group/loose-envify/-/loose-envify-1.3.1.tgz",
      "integrity": "sha1-0aitM/qc4OcT1l/dCsi3SNR4yEg=",
      "dev": true
    },
    "node-fetch": {
      "version": "1.7.3",
      "resolved": "https://nexus3.acadiasoft.net/repository/npm-group/node-fetch/-/node-fetch-1.7.3.tgz",
      "integrity": "sha512-NhZ4CsKx7cYm2vSrBAr2PvFOe6sWDf0UYLRqA6svUYg7+/TSfVAu49jYC4BvQ4Sms9SZgdqGBgroqfDhJdTyKQ==",
      "dev": true
    },
    "object-assign": {
      "version": "4.1.1",
      "resolved": "https://nexus3.acadiasoft.net/repository/npm-group/object-assign/-/object-assign-4.1.1.tgz",
      "integrity": "sha1-IQmtx5ZYh8/AXLvUQsrIv7s2CGM=",
      "dev": true
    },
    "promise": {
      "version": "7.3.1",
      "resolved": "https://nexus3.acadiasoft.net/repository/npm-group/promise/-/promise-7.3.1.tgz",
      "integrity": "sha512-nolQXZ/4L+bP/UGlkfaIujX9BKxGwmQ9OT4mOt5yvy8iK1h3wqTEJCijzGANTCCl9nWjY41juyAn2K3Q1hLLTg==",
      "dev": true
    },
    "prop-types": {
      "version": "15.5.10",
      "resolved": "https://nexus3.acadiasoft.net/repository/npm-group/prop-types/-/prop-types-15.5.10.tgz",
      "integrity": "sha1-J5ffwxJhguOpXj37suiT3ddFYVQ=",
      "dev": true
    },
    "react": {
      "version": "15.6.1",
      "resolved": "https://nexus3.acadiasoft.net/repository/npm-group/react/-/react-15.6.1.tgz",
      "integrity": "sha1-uqhDTsZ4C96ZfNw4C3nNM7ljk98=",
      "dev": true
    },
    "react-mdl": {
      "version": "1.10.3",
      "resolved": "https://nexus3.acadiasoft.net/repository/npm-group/react-mdl/-/react-mdl-1.10.3.tgz",
      "integrity": "sha1-94Pial7qQVSjISmrJWLAnV7qzw0=",
      "dev": true
    },
    "setimmediate": {
      "version": "1.0.5",
      "resolved": "https://nexus3.acadiasoft.net/repository/npm-group/setimmediate/-/setimmediate-1.0.5.tgz",
      "integrity": "sha1-KQy7Iy4waULX1+qbg3Mqt4VvgoU=",
      "dev": true
    },
    "ua-parser-js": {
      "version": "0.7.14",
      "resolved": "https://nexus3.acadiasoft.net/repository/npm-group/ua-parser-js/-/ua-parser-js-0.7.14.tgz",
      "integrity": "sha1-EQ1T+kw/MmwSEpK76skE0uAzh8o=",
      "dev": true
    },
    "whatwg-fetch": {
      "version": "2.0.3",
      "resolved": "https://nexus3.acadiasoft.net/repository/npm-group/whatwg-fetch/-/whatwg-fetch-2.0.3.tgz",
      "integrity": "sha1-nITsLc9oGH/wC8ZOEnS0QhduHIQ=",
      "dev": true
    }
  }
}
